
Microsoft Visual Studio Solution File, Format Version 12.00
# Visual Studio 14
VisualStudioVersion = 14.0.24720.0
MinimumVisualStudioVersion = 10.0.40219.1
Project("{FAE04EC0-301F-11D3-BF4B-00C04F79EFBC}") = "MusicBox", "MusicBox\MusicBox.csproj", "{1B3BC215-3D3B-4F6A-8087-0E265EE9DF6D}"
EndProject
Global
	GlobalSection(SolutionConfigurationPlatforms) = preSolution
		Debug|Any CPU = Debug|Any CPU
		Release|Any CPU = Release|Any CPU
	EndGlobalSection
	GlobalSection(ProjectConfigurationPlatforms) = postSolution
		{1B3BC215-3D3B-4F6A-8087-0E265EE9DF6D}.Debug|Any CPU.ActiveCfg = Debug|Any CPU
		{1B3BC215-3D3B-4F6A-8087-0E265EE9DF6D}.Debug|Any CPU.Build.0 = Debug|Any CPU
		{1B3BC215-3D3B-4F6A-8087-0E265EE9DF6D}.Release|Any CPU.ActiveCfg = Release|Any CPU
		{1B3BC215-3D3B-4F6A-8087-0E265EE9DF6D}.Release|Any CPU.Build.0 = Release|Any CPU
	EndGlobalSection
	GlobalSection(SolutionProperties) = preSolution
		HideSolutionNode = FALSE
	EndGlobalSection
EndGlobal
